
Microsoft Visual Studio Solution File, Format Version 12.00
# Visual Studio Version 16
VisualStudioVersion = 16.0.29326.143
MinimumVisualStudioVersion = 10.0.40219.1
Project("{2150E333-8FDC-42A3-9474-1A3956D46DE8}") = "Solution Items", "Solution Items", "{B280D56C-9733-4AD6-92FD-DEC160FFA2D1}"
	ProjectSection(SolutionItems) = preProject
		.github\workflows\aspnetcore.yml = .github\workflows\aspnetcore.yml
		azure-pipelines.yml = azure-pipelines.yml
	EndProjectSection
EndProject
Project("{9A19103F-16F7-4668-BE54-9A1E7A4F7556}") = "HelloWordApp", "HelloWordApp\HelloWordApp.csproj", "{257676FF-2080-489A-8737-7F6C54AD908F}"
EndProject
Global
	GlobalSection(SolutionConfigurationPlatforms) = preSolution
		Debug|Any CPU = Debug|Any CPU
		Release|Any CPU = Release|Any CPU
	EndGlobalSection
	GlobalSection(ProjectConfigurationPlatforms) = postSolution
		{257676FF-2080-489A-8737-7F6C54AD908F}.Debug|Any CPU.ActiveCfg = Debug|Any CPU
		{257676FF-2080-489A-8737-7F6C54AD908F}.Debug|Any CPU.Build.0 = Debug|Any CPU
		{257676FF-2080-489A-8737-7F6C54AD908F}.Release|Any CPU.ActiveCfg = Release|Any CPU
		{257676FF-2080-489A-8737-7F6C54AD908F}.Release|Any CPU.Build.0 = Release|Any CPU
	EndGlobalSection
	GlobalSection(SolutionProperties) = preSolution
		HideSolutionNode = FALSE
	EndGlobalSection
	GlobalSection(ExtensibilityGlobals) = postSolution
		SolutionGuid = {2D67BB54-C382-4FDC-98F1-BAC35BC287C1}
	EndGlobalSection
EndGlobal
